
Microsoft Visual Studio Solution File, Format Version 12.00
# Visual Studio 14
VisualStudioVersion = 14.0.25420.1
MinimumVisualStudioVersion = 10.0.40219.1
Project("{FAE04EC0-301F-11D3-BF4B-00C04F79EFBC}") = "registration_app", "registration_app\registration_app.csproj", "{2556A8BF-3927-4B22-820A-B9E712623CAF}"
EndProject
Project("{FAE04EC0-301F-11D3-BF4B-00C04F79EFBC}") = "registration_app.Tests", "registration_app.Tests\registration_app.Tests.csproj", "{017BDB53-A133-4E2D-B8DF-A50B4E1A715B}"
EndProject
Global
	GlobalSection(SolutionConfigurationPlatforms) = preSolution
		Debug|Any CPU = Debug|Any CPU
		Release|Any CPU = Release|Any CPU
	EndGlobalSection
	GlobalSection(ProjectConfigurationPlatforms) = postSolution
		{2556A8BF-3927-4B22-820A-B9E712623CAF}.Debug|Any CPU.ActiveCfg = Debug|Any CPU
		{2556A8BF-3927-4B22-820A-B9E712623CAF}.Debug|Any CPU.Build.0 = Debug|Any CPU
		{2556A8BF-3927-4B22-820A-B9E712623CAF}.Release|Any CPU.ActiveCfg = Release|Any CPU
		{2556A8BF-3927-4B22-820A-B9E712623CAF}.Release|Any CPU.Build.0 = Release|Any CPU
		{017BDB53-A133-4E2D-B8DF-A50B4E1A715B}.Debug|Any CPU.ActiveCfg = Debug|Any CPU
		{017BDB53-A133-4E2D-B8DF-A50B4E1A715B}.Debug|Any CPU.Build.0 = Debug|Any CPU
		{017BDB53-A133-4E2D-B8DF-A50B4E1A715B}.Release|Any CPU.ActiveCfg = Release|Any CPU
		{017BDB53-A133-4E2D-B8DF-A50B4E1A715B}.Release|Any CPU.Build.0 = Release|Any CPU
	EndGlobalSection
	GlobalSection(SolutionProperties) = preSolution
		HideSolutionNode = FALSE
	EndGlobalSection
EndGlobal
